
Microsoft Visual Studio Solution File, Format Version 12.00
# Visual Studio 15
VisualStudioVersion = 15.0.27130.2010
MinimumVisualStudioVersion = 10.0.40219.1
Project("{FAE04EC0-301F-11D3-BF4B-00C04F79EFBC}") = "TestRecipeApp", "TestRecipeApp\TestRecipeApp.csproj", "{B14072D6-EB94-4256-9ACA-C9FEB3B3460D}"
	ProjectSection(ProjectDependencies) = postProject
		{AB9C0F57-0058-4F5E-B6DE-AB6378E7A3A3} = {AB9C0F57-0058-4F5E-B6DE-AB6378E7A3A3}
	EndProjectSection
EndProject
Project("{9A19103F-16F7-4668-BE54-9A1E7A4F7556}") = "RecipeClassLibrary", "..\..\..\OneDrive\Documents\University\Final Project\Code\RecipeClassLibrary\RecipeClassLibrary\RecipeClassLibrary.csproj", "{AB9C0F57-0058-4F5E-B6DE-AB6378E7A3A3}"
EndProject
Global
	GlobalSection(SolutionConfigurationPlatforms) = preSolution
		Debug|Any CPU = Debug|Any CPU
		Release|Any CPU = Release|Any CPU
	EndGlobalSection
	GlobalSection(ProjectConfigurationPlatforms) = postSolution
		{B14072D6-EB94-4256-9ACA-C9FEB3B3460D}.Debug|Any CPU.ActiveCfg = Debug|Any CPU
		{B14072D6-EB94-4256-9ACA-C9FEB3B3460D}.Debug|Any CPU.Build.0 = Debug|Any CPU
		{B14072D6-EB94-4256-9ACA-C9FEB3B3460D}.Debug|Any CPU.Deploy.0 = Debug|Any CPU
		{B14072D6-EB94-4256-9ACA-C9FEB3B3460D}.Release|Any CPU.ActiveCfg = Release|Any CPU
		{B14072D6-EB94-4256-9ACA-C9FEB3B3460D}.Release|Any CPU.Build.0 = Release|Any CPU
		{B14072D6-EB94-4256-9ACA-C9FEB3B3460D}.Release|Any CPU.Deploy.0 = Release|Any CPU
		{AB9C0F57-0058-4F5E-B6DE-AB6378E7A3A3}.Debug|Any CPU.ActiveCfg = Debug|Any CPU
		{AB9C0F57-0058-4F5E-B6DE-AB6378E7A3A3}.Debug|Any CPU.Build.0 = Debug|Any CPU
		{AB9C0F57-0058-4F5E-B6DE-AB6378E7A3A3}.Release|Any CPU.ActiveCfg = Release|Any CPU
		{AB9C0F57-0058-4F5E-B6DE-AB6378E7A3A3}.Release|Any CPU.Build.0 = Release|Any CPU
	EndGlobalSection
	GlobalSection(SolutionProperties) = preSolution
		HideSolutionNode = FALSE
	EndGlobalSection
	GlobalSection(ExtensibilityGlobals) = postSolution
		SolutionGuid = {B8106ED9-8094-4B1A-9F4E-DC0D1C0CF897}
	EndGlobalSection
EndGlobal
